// !$*UTF8*$!
{
	archiveVersion = 1;
	classes = {
	};
	objectVersion = 50;
	objects = {

/* Begin PBXBuildFile section */
		4B4715412AA563A4008583AC /* AppDelegate.swift in Sources */ = {isa = PBXBuildFile; fileRef = 4B4715402AA563A4008583AC /* AppDelegate.swift */; };
		4B4715432AA563A4008583AC /* ViewController.swift in Sources */ = {isa = PBXBuildFile; fileRef = 4B4715422AA563A4008583AC /* ViewController.swift */; };
		4B4715462AA563A4008583AC /* Main.storyboard in Resources */ = {isa = PBXBuildFile; fileRef = 4B4715442AA563A4008583AC /* Main.storyboard */; };
		4B4715482AA563A8008583AC /* Assets.xcassets in Resources */ = {isa = PBXBuildFile; fileRef = 4B4715472AA563A8008583AC /* Assets.xcassets */; };
		4B47154B2AA563A8008583AC /* LaunchScreen.storyboard in Resources */ = {isa = PBXBuildFile; fileRef = 4B4715492AA563A8008583AC /* LaunchScreen.storyboard */; };
		4B4715532AA59544008583AC /* Rsp.swift in Sources */ = {isa = PBXBuildFile; fileRef = 4B4715522AA59544008583AC /* Rsp.swift */; };
/* End PBXBuildFile section */

/* Begin PBXFileReference section */
		4B47153D2AA563A4008583AC /* scissorsRockPaperGame.app */ = {isa = PBXFileReference; explicitFileType = wrapper.application; includeInIndex = 0; path = scissorsRockPaperGame.app; sourceTree = BUILT_PRODUCTS_DIR; };
		4B4715402AA563A4008583AC /* AppDelegate.swift */ = {isa = PBXFileReference; lastKnownFileType = sourcecode.swift; path = AppDelegate.swift; sourceTree = "<group>"; };
		4B4715422AA563A4008583AC /* ViewController.swift */ = {isa = PBXFileReference; lastKnownFileType = sourcecode.swift; path = ViewController.swift; sourceTree = "<group>"; };
		4B4715452AA563A4008583AC /* Base */ = {isa = PBXFileReference; lastKnownFileType = file.storyboard; name = Base; path = Base.lproj/Main.storyboard; sourceTree = "<group>"; };
		4B4715472AA563A8008583AC /* Assets.xcassets */ = {isa = PBXFileReference; lastKnownFileType = folder.assetcatalog; path = Assets.xcassets; sourceTree = "<group>"; };
		4B47154A2AA563A8008583AC /* Base */ = {isa = PBXFileReference; lastKnownFileType = file.storyboard; name = Base; path = Base.lproj/LaunchScreen.storyboard; sourceTree = "<group>"; };
		4B47154C2AA563A8008583AC /* Info.plist */ = {isa = PBXFileReference; lastKnownFileType = text.plist.xml; path = Info.plist; sourceTree = "<group>"; };
		4B4715522AA59544008583AC /* Rsp.swift */ = {isa = PBXFileReference; lastKnownFileType = sourcecode.swift; path = Rsp.swift; sourceTree = "<group>"; };
/* End PBXFileReference section */

/* Begin PBXFrameworksBuildPhase section */
		4B47153A2AA563A4008583AC /* Frameworks */ = {
			isa = PBXFrameworksBuildPhase;
			buildActionMask = 2147483647;
			files = (
			);
			runOnlyForDeploymentPostprocessing = 0;
		};
/* End PBXFrameworksBuildPhase section */

/* Begin PBXGroup section */
		4B4715342AA563A4008583AC = {
			isa = PBXGroup;
			children = (
				4B47153F2AA563A4008583AC /* scissorsRockPaperGame */,
				4B47153E2AA563A4008583AC /* Products */,
			);
			sourceTree = "<group>";
		};
		4B47153E2AA563A4008583AC /* Products */ = {
			isa = PBXGroup;
			children = (
				4B47153D2AA563A4008583AC /* scissorsRockPaperGame.app */,
			);
			name = Products;
			sourceTree = "<group>";
		};
		4B47153F2AA563A4008583AC /* scissorsRockPaperGame */ = {
			isa = PBXGroup;
			children = (
				4B4715402AA563A4008583AC /* AppDelegate.swift */,
				4B4715522AA59544008583AC /* Rsp.swift */,
				4B4715422AA563A4008583AC /* ViewController.swift */,
				4B4715442AA563A4008583AC /* Main.storyboard */,
				4B4715472AA563A8008583AC /* Assets.xcassets */,
				4B4715492AA563A8008583AC /* LaunchScreen.storyboard */,
				4B47154C2AA563A8008583AC /* Info.plist */,
			);
			path = scissorsRockPaperGame;
			sourceTree = "<group>";
		};
/* End PBXGroup section */

/* Begin PBXNativeTarget section */
		4B47153C2AA563A4008583AC /* scissorsRockPaperGame */ = {
			isa = PBXNativeTarget;
			buildConfigurationList = 4B47154F2AA563A8008583AC /* Build configuration list for PBXNativeTarget "scissorsRockPaperGame" */;
			buildPhases = (
				4B4715392AA563A4008583AC /* Sources */,
				4B47153A2AA563A4008583AC /* Frameworks */,
				4B47153B2AA563A4008583AC /* Resources */,
			);
			buildRules = (
			);
			dependencies = (
			);
			name = scissorsRockPaperGame;
			productName = scissorsRockPaperGame;
			productReference = 4B47153D2AA563A4008583AC /* scissorsRockPaperGame.app */;
			productType = "com.apple.product-type.application";
		};
/* End PBXNativeTarget section */

/* Begin PBXProject section */
		4B4715352AA563A4008583AC /* Project object */ = {
			isa = PBXProject;
			attributes = {
				LastSwiftUpdateCheck = 1010;
				LastUpgradeCheck = 1010;
				ORGANIZATIONNAME = MinjiKimSwiftUI;
				TargetAttributes = {
					4B47153C2AA563A4008583AC = {
						CreatedOnToolsVersion = 10.1;
					};
				};
			};
			buildConfigurationList = 4B4715382AA563A4008583AC /* Build configuration list for PBXProject "scissorsRockPaperGame" */;
			compatibilityVersion = "Xcode 9.3";
			developmentRegion = en;
			hasScannedForEncodings = 0;
			knownRegions = (
				en,
				Base,
			);
			mainGroup = 4B4715342AA563A4008583AC;
			productRefGroup = 4B47153E2AA563A4008583AC /* Products */;
			projectDirPath = "";
			projectRoot = "";
			targets = (
				4B47153C2AA563A4008583AC /* scissorsRockPaperGame */,
			);
		};
/* End PBXProject section */

/* Begin PBXResourcesBuildPhase section */
		4B47153B2AA563A4008583AC /* Resources */ = {
			isa = PBXResourcesBuildPhase;
			buildActionMask = 2147483647;
			files = (
				4B47154B2AA563A8008583AC /* LaunchScreen.storyboard in Resources */,
				4B4715482AA563A8008583AC /* Assets.xcassets in Resources */,
				4B4715462AA563A4008583AC /* Main.storyboard in Resources */,
			);
			runOnlyForDeploymentPostprocessing = 0;
		};
/* End PBXResourcesBuildPhase section */

/* Begin PBXSourcesBuildPhase section */
		4B4715392AA563A4008583AC /* Sources */ = {
			isa = PBXSourcesBuildPhase;
			buildActionMask = 2147483647;
			files = (
				4B4715432AA563A4008583AC /* ViewController.swift in Sources */,
				4B4715532AA59544008583AC /* Rsp.swift in Sources */,
				4B4715412AA563A4008583AC /* AppDelegate.swift in Sources */,
			);
			runOnlyForDeploymentPostprocessing = 0;
		};
/* End PBXSourcesBuildPhase section */

/* Begin PBXVariantGroup section */
		4B4715442AA563A4008583AC /* Main.storyboard */ = {
			isa = PBXVariantGroup;
			children = (
				4B4715452AA563A4008583AC /* Base */,
			);
			name = Main.storyboard;
			sourceTree = "<group>";
		};
		4B4715492AA563A8008583AC /* LaunchScreen.storyboard */ = {
			isa = PBXVariantGroup;
			children = (
				4B47154A2AA563A8008583AC /* Base */,
			);
			name = LaunchScreen.storyboard;
			sourceTree = "<group>";
		};
/* End PBXVariantGroup section */

/* Begin XCBuildConfiguration section */
		4B47154D2AA563A8008583AC /* Debug */ = {
			isa = XCBuildConfiguration;
			buildSettings = {
				ALWAYS_SEARCH_USER_PATHS = NO;
				CLANG_ANALYZER_NONNULL = YES;
				CLANG_ANALYZER_NUMBER_OBJECT_CONVERSION = YES_AGGRESSIVE;
				CLANG_CXX_LANGUAGE_STANDARD = "gnu++14";
				CLANG_CXX_LIBRARY = "libc++";
				CLANG_ENABLE_MODULES = YES;
				CLANG_ENABLE_OBJC_ARC = YES;
				CLANG_ENABLE_OBJC_WEAK = YES;
				CLANG_WARN_BLOCK_CAPTURE_AUTORELEASING = YES;
				CLANG_WARN_BOOL_CONVERSION = YES;
				CLANG_WARN_COMMA = YES;
				CLANG_WARN_CONSTANT_CONVERSION = YES;
				CLANG_WARN_DEPRECATED_OBJC_IMPLEMENTATIONS = YES;
				CLANG_WARN_DIRECT_OBJC_ISA_USAGE = YES_ERROR;
				CLANG_WARN_DOCUMENTATION_COMMENTS = YES;
				CLANG_WARN_EMPTY_BODY = YES;
				CLANG_WARN_ENUM_CONVERSION = YES;
				CLANG_WARN_INFINITE_RECURSION = YES;
				CLANG_WARN_INT_CONVERSION = YES;
				CLANG_WARN_NON_LITERAL_NULL_CONVERSION = YES;
				CLANG_WARN_OBJC_IMPLICIT_RETAIN_SELF = YES;
				CLANG_WARN_OBJC_LITERAL_CONVERSION = YES;
				CLANG_WARN_OBJC_ROOT_CLASS = YES_ERROR;
				CLANG_WARN_RANGE_LOOP_ANALYSIS = YES;
				CLANG_WARN_STRICT_PROTOTYPES = YES;
				CLANG_WARN_SUSPICIOUS_MOVE = YES;
				CLANG_WARN_UNGUARDED_AVAILABILITY = YES_AGGRESSIVE;
				CLANG_WARN_UNREACHABLE_CODE = YES;
				CLANG_WARN__DUPLICATE_METHOD_MATCH = YES;
				CODE_SIGN_IDENTITY = "iPhone Developer";
				COPY_PHASE_STRIP = NO;
				DEBUG_INFORMATION_FORMAT = dwarf;
				ENABLE_STRICT_OBJC_MSGSEND = YES;
				ENABLE_TESTABILITY = YES;
				GCC_C_LANGUAGE_STANDARD = gnu11;
				GCC_DYNAMIC_NO_PIC = NO;
				GCC_NO_COMMON_BLOCKS = YES;
				GCC_OPTIMIZATION_LEVEL = 0;
				GCC_PREPROCESSOR_DEFINITIONS = (
					"DEBUG=1",
					"$(inherited)",
				);
				GCC_WARN_64_TO_32_BIT_CONVERSION = YES;
				GCC_WARN_ABOUT_RETURN_TYPE = YES_ERROR;
				GCC_WARN_UNDECLARED_SELECTOR = YES;
				GCC_WARN_UNINITIALIZED_AUTOS = YES_AGGRESSIVE;
				GCC_WARN_UNUSED_FUNCTION = YES;
				GCC_WARN_UNUSED_VARIABLE = YES;
				IPHONEOS_DEPLOYMENT_TARGET = 12.1;
				MTL_ENABLE_DEBUG_INFO = INCLUDE_SOURCE;
				MTL_FAST_MATH = YES;
				ONLY_ACTIVE_ARCH = YES;
				SDKROOT = iphoneos;
				SWIFT_ACTIVE_COMPILATION_CONDITIONS = DEBUG;
				SWIFT_OPTIMIZATION_LEVEL = "-Onone";
			};
			name = Debug;
		};
		4B47154E2AA563A8008583AC /* Release */ = {
			isa = XCBuildConfiguration;
			buildSettings = {
				ALWAYS_SEARCH_USER_PATHS = NO;
				CLANG_ANALYZER_NONNULL = YES;
				CLANG_ANALYZER_NUMBER_OBJECT_CONVERSION = YES_AGGRESSIVE;
				CLANG_CXX_LANGUAGE_STANDARD = "gnu++14";
				CLANG_CXX_LIBRARY = "libc++";
				CLANG_ENABLE_MODULES = YES;
				CLANG_ENABLE_OBJC_ARC = YES;
				CLANG_ENABLE_OBJC_WEAK = YES;
				CLANG_WARN_BLOCK_CAPTURE_AUTORELEASING = YES;
				CLANG_WARN_BOOL_CONVERSION = YES;
				CLANG_WARN_COMMA = YES;
				CLANG_WARN_CONSTANT_CONVERSION = YES;
				CLANG_WARN_DEPRECATED_OBJC_IMPLEMENTATIONS = YES;
				CLANG_WARN_DIRECT_OBJC_ISA_USAGE = YES_ERROR;
				CLANG_WARN_DOCUMENTATION_COMMENTS = YES;
				CLANG_WARN_EMPTY_BODY = YES;
				CLANG_WARN_ENUM_CONVERSION = YES;
				CLANG_WARN_INFINITE_RECURSION = YES;
				CLANG_WARN_INT_CONVERSION = YES;
				CLANG_WARN_NON_LITERAL_NULL_CONVERSION = YES;
				CLANG_WARN_OBJC_IMPLICIT_RETAIN_SELF = YES;
				CLANG_WARN_OBJC_LITERAL_CONVERSION = YES;
				CLANG_WARN_OBJC_ROOT_CLASS = YES_ERROR;
				CLANG_WARN_RANGE_LOOP_ANALYSIS = YES;
				CLANG_WARN_STRICT_PROTOTYPES = YES;
				CLANG_WARN_SUSPICIOUS_MOVE = YES;
				CLANG_WARN_UNGUARDED_AVAILABILITY = YES_AGGRESSIVE;
				CLANG_WARN_UNREACHABLE_CODE = YES;
				CLANG_WARN__DUPLICATE_METHOD_MATCH = YES;
				CODE_SIGN_IDENTITY = "iPhone Developer";
				COPY_PHASE_STRIP = NO;
				DEBUG_INFORMATION_FORMAT = "dwarf-with-dsym";
				ENABLE_NS_ASSERTIONS = NO;
				ENABLE_STRICT_OBJC_MSGSEND = YES;
				GCC_C_LANGUAGE_STANDARD = gnu11;
				GCC_NO_COMMON_BLOCKS = YES;
				GCC_WARN_64_TO_32_BIT_CONVERSION = YES;
				GCC_WARN_ABOUT_RETURN_TYPE = YES_ERROR;
				GCC_WARN_UNDECLARED_SELECTOR = YES;
				GCC_WARN_UNINITIALIZED_AUTOS = YES_AGGRESSIVE;
				GCC_WARN_UNUSED_FUNCTION = YES;
				GCC_WARN_UNUSED_VARIABLE = YES;
				IPHONEOS_DEPLOYMENT_TARGET = 12.1;
				MTL_ENABLE_DEBUG_INFO = NO;
				MTL_FAST_MATH = YES;
				SDKROOT = iphoneos;
				SWIFT_COMPILATION_MODE = wholemodule;
				SWIFT_OPTIMIZATION_LEVEL = "-O";
				VALIDATE_PRODUCT = YES;
			};
			name = Release;
		};
		4B4715502AA563A8008583AC /* Debug */ = {
			isa = XCBuildConfiguration;
			buildSettings = {
				ASSETCATALOG_COMPILER_APPICON_NAME = AppIcon;
				CODE_SIGN_STYLE = Automatic;
				INFOPLIST_FILE = scissorsRockPaperGame/Info.plist;
				LD_RUNPATH_SEARCH_PATHS = (
					"$(inherited)",
					"@executable_path/Frameworks",
				);
				PRODUCT_BUNDLE_IDENTIFIER = MinjiKim.scissorsRockPaperGame;
				PRODUCT_NAME = "$(TARGET_NAME)";
				SWIFT_VERSION = 4.2;
				TARGETED_DEVICE_FAMILY = "1,2";
			};
			name = Debug;
		};
		4B4715512AA563A8008583AC /* Release */ = {
			isa = XCBuildConfiguration;
			buildSettings = {
				ASSETCATALOG_COMPILER_APPICON_NAME = AppIcon;
				CODE_SIGN_STYLE = Automatic;
				INFOPLIST_FILE = scissorsRockPaperGame/Info.plist;
				LD_RUNPATH_SEARCH_PATHS = (
					"$(inherited)",
					"@executable_path/Frameworks",
				);
				PRODUCT_BUNDLE_IDENTIFIER = MinjiKim.scissorsRockPaperGame;
				PRODUCT_NAME = "$(TARGET_NAME)";
				SWIFT_VERSION = 4.2;
				TARGETED_DEVICE_FAMILY = "1,2";
			};
			name = Release;
		};
/* End XCBuildConfiguration section */

/* Begin XCConfigurationList section */
		4B4715382AA563A4008583AC /* Build configuration list for PBXProject "scissorsRockPaperGame" */ = {
			isa = XCConfigurationList;
			buildConfigurations = (
				4B47154D2AA563A8008583AC /* Debug */,
				4B47154E2AA563A8008583AC /* Release */,
			);
			defaultConfigurationIsVisible = 0;
			defaultConfigurationName = Release;
		};
		4B47154F2AA563A8008583AC /* Build configuration list for PBXNativeTarget "scissorsRockPaperGame" */ = {
			isa = XCConfigurationList;
			buildConfigurations = (
				4B4715502AA563A8008583AC /* Debug */,
				4B4715512AA563A8008583AC /* Release */,
			);
			defaultConfigurationIsVisible = 0;
			defaultConfigurationName = Release;
		};
/* End XCConfigurationList section */
	};
	rootObject = 4B4715352AA563A4008583AC /* Project object */;
}
